
Microsoft Visual Studio Solution File, Format Version 12.00
# Visual Studio Version 17
VisualStudioVersion = 17.11.35327.3
MinimumVisualStudioVersion = 10.0.40219.1
Project("{8BC9CEB8-8B4A-11D0-8D11-00A0C91BC942}") = "Intro_and_variables", "Intro_and_variables\Intro_and_variables.vcxproj", "{86AD1C83-B615-4250-BE80-C3899D1BE76C}"
EndProject
Global
	GlobalSection(SolutionConfigurationPlatforms) = preSolution
		Debug|x64 = Debug|x64
		Debug|x86 = Debug|x86
		Release|x64 = Release|x64
		Release|x86 = Release|x86
	EndGlobalSection
	GlobalSection(ProjectConfigurationPlatforms) = postSolution
		{86AD1C83-B615-4250-BE80-C3899D1BE76C}.Debug|x64.ActiveCfg = Debug|x64
		{86AD1C83-B615-4250-BE80-C3899D1BE76C}.Debug|x64.Build.0 = Debug|x64
		{86AD1C83-B615-4250-BE80-C3899D1BE76C}.Debug|x86.ActiveCfg = Debug|Win32
		{86AD1C83-B615-4250-BE80-C3899D1BE76C}.Debug|x86.Build.0 = Debug|Win32
		{86AD1C83-B615-4250-BE80-C3899D1BE76C}.Release|x64.ActiveCfg = Release|x64
		{86AD1C83-B615-4250-BE80-C3899D1BE76C}.Release|x64.Build.0 = Release|x64
		{86AD1C83-B615-4250-BE80-C3899D1BE76C}.Release|x86.ActiveCfg = Release|Win32
		{86AD1C83-B615-4250-BE80-C3899D1BE76C}.Release|x86.Build.0 = Release|Win32
	EndGlobalSection
	GlobalSection(SolutionProperties) = preSolution
		HideSolutionNode = FALSE
	EndGlobalSection
	GlobalSection(ExtensibilityGlobals) = postSolution
		SolutionGuid = {5B106626-707F-4107-861B-876793280661}
	EndGlobalSection
EndGlobal
